
Microsoft Visual Studio Solution File, Format Version 12.00
# Visual Studio Version 16
VisualStudioVersion = 16.0.30804.86
MinimumVisualStudioVersion = 10.0.40219.1
Project("{FAE04EC0-301F-11D3-BF4B-00C04F79EFBC}") = "MasterSpriggans", "MasterSpriggans\MasterSpriggans.csproj", "{A96C2C31-4541-44EC-BFF2-72D867594725}"
EndProject
Project("{FAE04EC0-301F-11D3-BF4B-00C04F79EFBC}") = "XIVApiLib", "XIVApiLib\XIVApiLib.csproj", "{1A8C4766-2A88-4915-8AFA-3F4A2858FC38}"
EndProject
Global
	GlobalSection(SolutionConfigurationPlatforms) = preSolution
		Debug|Any CPU = Debug|Any CPU
		Release|Any CPU = Release|Any CPU
	EndGlobalSection
	GlobalSection(ProjectConfigurationPlatforms) = postSolution
		{A96C2C31-4541-44EC-BFF2-72D867594725}.Debug|Any CPU.ActiveCfg = Debug|Any CPU
		{A96C2C31-4541-44EC-BFF2-72D867594725}.Debug|Any CPU.Build.0 = Debug|Any CPU
		{A96C2C31-4541-44EC-BFF2-72D867594725}.Release|Any CPU.ActiveCfg = Release|Any CPU
		{A96C2C31-4541-44EC-BFF2-72D867594725}.Release|Any CPU.Build.0 = Release|Any CPU
		{1A8C4766-2A88-4915-8AFA-3F4A2858FC38}.Debug|Any CPU.ActiveCfg = Debug|Any CPU
		{1A8C4766-2A88-4915-8AFA-3F4A2858FC38}.Debug|Any CPU.Build.0 = Debug|Any CPU
		{1A8C4766-2A88-4915-8AFA-3F4A2858FC38}.Release|Any CPU.ActiveCfg = Release|Any CPU
		{1A8C4766-2A88-4915-8AFA-3F4A2858FC38}.Release|Any CPU.Build.0 = Release|Any CPU
	EndGlobalSection
	GlobalSection(SolutionProperties) = preSolution
		HideSolutionNode = FALSE
	EndGlobalSection
	GlobalSection(ExtensibilityGlobals) = postSolution
		SolutionGuid = {61617F49-11C1-47A4-8505-AB85F4EC9598}
	EndGlobalSection
EndGlobal
